
Microsoft Visual Studio Solution File, Format Version 12.00
# Visual Studio Version 16
VisualStudioVersion = 16.0.31605.320
MinimumVisualStudioVersion = 10.0.40219.1
Project("{2150E333-8FDC-42A3-9474-1A3956D46DE8}") = "ProductService", "ProductService", "{18AA0786-D806-4D8B-84A4-F712915AC9FB}"
EndProject
Project("{2150E333-8FDC-42A3-9474-1A3956D46DE8}") = "CartService", "CartService", "{6DC1B3FA-8946-4734-B63F-F76E575FA73C}"
EndProject
Project("{2150E333-8FDC-42A3-9474-1A3956D46DE8}") = "UserService", "UserService", "{17ED865D-2DCA-4985-9424-598851638595}"
EndProject
Project("{2150E333-8FDC-42A3-9474-1A3956D46DE8}") = "OrderService", "OrderService", "{79F67F7A-40C8-4B52-A327-6C12C6D8D16D}"
EndProject
Project("{2150E333-8FDC-42A3-9474-1A3956D46DE8}") = "ApiGateway", "ApiGateway", "{F0A29EAC-936F-48AC-930E-4870D90098B3}"
EndProject
Project("{2150E333-8FDC-42A3-9474-1A3956D46DE8}") = "Identity Server API", "Identity Server API", "{B649309A-150D-4B1E-93EE-A2705439F503}"
EndProject
Project("{9A19103F-16F7-4668-BE54-9A1E7A4F7556}") = "ApiGateway_Ocelot", "ApiGateway_Ocelot\ApiGateway_Ocelot.csproj", "{6A037322-1C8E-48A9-9974-AACAE2B6513F}"
EndProject
Project("{9A19103F-16F7-4668-BE54-9A1E7A4F7556}") = "ProductService", "ProductServiceAPI\ProductService\ProductService.csproj", "{DAA3EEBA-D4C0-400F-9B47-FC39F8E33A42}"
EndProject
Project("{FAE04EC0-301F-11D3-BF4B-00C04F79EFBC}") = "ProductServiceAPI.Domain", "ProductServiceAPI\ProductServiceAPI.Domain\ProductServiceAPI.Domain.csproj", "{20AA54C7-BC80-47FD-8005-64912BBFCB56}"
EndProject
Project("{FAE04EC0-301F-11D3-BF4B-00C04F79EFBC}") = "ProductServiceAPI.Infrastructure", "ProductServiceAPI\ProductServiceAPI.Infrastructure\ProductServiceAPI.Infrastructure.csproj", "{6DECD929-BE96-4E1F-A40F-AAE682349A32}"
EndProject
Project("{9A19103F-16F7-4668-BE54-9A1E7A4F7556}") = "IdentityServer", "IdentityServerAPI\IdentityServer.csproj", "{6352BEB5-6EF9-4718-BC5E-20CF2F897C55}"
EndProject
Project("{2150E333-8FDC-42A3-9474-1A3956D46DE8}") = "Common", "Common", "{8AC9165A-8A11-499D-9126-144F78E9D3EB}"
EndProject
Project("{FAE04EC0-301F-11D3-BF4B-00C04F79EFBC}") = "CartService", "CartServiceAPI\CartService\CartService.csproj", "{6A8566B1-DFDE-44D5-A55D-CB7B4E28BAD3}"
EndProject
Project("{FAE04EC0-301F-11D3-BF4B-00C04F79EFBC}") = "CartService.Domain", "CartServiceAPI\CartService.Domain\CartService.Domain.csproj", "{25D00B23-8856-4767-B6D1-2EA8141FF05E}"
EndProject
Project("{FAE04EC0-301F-11D3-BF4B-00C04F79EFBC}") = "CartService.API.Infrastructure", "CartServiceAPI\CartService.API.Infrastructure\CartService.API.Infrastructure.csproj", "{BBCE0EF4-703A-465E-B80E-6451F077DAFB}"
EndProject
Project("{FAE04EC0-301F-11D3-BF4B-00C04F79EFBC}") = "UserService", "UserServiceAPI\UserService\UserService.csproj", "{5F4006EB-142D-4BCE-90D6-15576EEF54CA}"
EndProject
Project("{FAE04EC0-301F-11D3-BF4B-00C04F79EFBC}") = "UserServiceAPI.Domain", "UserServiceAPI\UserServiceAPI.Domain\UserServiceAPI.Domain.csproj", "{387DF2DC-B722-4311-AA1B-7047A5A806BD}"
EndProject
Project("{FAE04EC0-301F-11D3-BF4B-00C04F79EFBC}") = "UserServiceAPI.Infrastructure", "UserServiceAPI\UserServiceAPI.Infrastructure\UserServiceAPI.Infrastructure.csproj", "{AD91C972-A7E7-44B1-A920-E05CB205B7EF}"
EndProject
Global
	GlobalSection(SolutionConfigurationPlatforms) = preSolution
		Debug|Any CPU = Debug|Any CPU
		Release|Any CPU = Release|Any CPU
	EndGlobalSection
	GlobalSection(ProjectConfigurationPlatforms) = postSolution
		{6A037322-1C8E-48A9-9974-AACAE2B6513F}.Debug|Any CPU.ActiveCfg = Debug|Any CPU
		{6A037322-1C8E-48A9-9974-AACAE2B6513F}.Debug|Any CPU.Build.0 = Debug|Any CPU
		{6A037322-1C8E-48A9-9974-AACAE2B6513F}.Release|Any CPU.ActiveCfg = Release|Any CPU
		{6A037322-1C8E-48A9-9974-AACAE2B6513F}.Release|Any CPU.Build.0 = Release|Any CPU
		{DAA3EEBA-D4C0-400F-9B47-FC39F8E33A42}.Debug|Any CPU.ActiveCfg = Debug|Any CPU
		{DAA3EEBA-D4C0-400F-9B47-FC39F8E33A42}.Debug|Any CPU.Build.0 = Debug|Any CPU
		{DAA3EEBA-D4C0-400F-9B47-FC39F8E33A42}.Release|Any CPU.ActiveCfg = Release|Any CPU
		{DAA3EEBA-D4C0-400F-9B47-FC39F8E33A42}.Release|Any CPU.Build.0 = Release|Any CPU
		{20AA54C7-BC80-47FD-8005-64912BBFCB56}.Debug|Any CPU.ActiveCfg = Debug|Any CPU
		{20AA54C7-BC80-47FD-8005-64912BBFCB56}.Debug|Any CPU.Build.0 = Debug|Any CPU
		{20AA54C7-BC80-47FD-8005-64912BBFCB56}.Release|Any CPU.ActiveCfg = Release|Any CPU
		{20AA54C7-BC80-47FD-8005-64912BBFCB56}.Release|Any CPU.Build.0 = Release|Any CPU
		{6DECD929-BE96-4E1F-A40F-AAE682349A32}.Debug|Any CPU.ActiveCfg = Debug|Any CPU
		{6DECD929-BE96-4E1F-A40F-AAE682349A32}.Debug|Any CPU.Build.0 = Debug|Any CPU
		{6DECD929-BE96-4E1F-A40F-AAE682349A32}.Release|Any CPU.ActiveCfg = Release|Any CPU
		{6DECD929-BE96-4E1F-A40F-AAE682349A32}.Release|Any CPU.Build.0 = Release|Any CPU
		{6352BEB5-6EF9-4718-BC5E-20CF2F897C55}.Debug|Any CPU.ActiveCfg = Debug|Any CPU
		{6352BEB5-6EF9-4718-BC5E-20CF2F897C55}.Debug|Any CPU.Build.0 = Debug|Any CPU
		{6352BEB5-6EF9-4718-BC5E-20CF2F897C55}.Release|Any CPU.ActiveCfg = Release|Any CPU
		{6352BEB5-6EF9-4718-BC5E-20CF2F897C55}.Release|Any CPU.Build.0 = Release|Any CPU
		{6A8566B1-DFDE-44D5-A55D-CB7B4E28BAD3}.Debug|Any CPU.ActiveCfg = Debug|Any CPU
		{6A8566B1-DFDE-44D5-A55D-CB7B4E28BAD3}.Debug|Any CPU.Build.0 = Debug|Any CPU
		{6A8566B1-DFDE-44D5-A55D-CB7B4E28BAD3}.Release|Any CPU.ActiveCfg = Release|Any CPU
		{6A8566B1-DFDE-44D5-A55D-CB7B4E28BAD3}.Release|Any CPU.Build.0 = Release|Any CPU
		{25D00B23-8856-4767-B6D1-2EA8141FF05E}.Debug|Any CPU.ActiveCfg = Debug|Any CPU
		{25D00B23-8856-4767-B6D1-2EA8141FF05E}.Debug|Any CPU.Build.0 = Debug|Any CPU
		{25D00B23-8856-4767-B6D1-2EA8141FF05E}.Release|Any CPU.ActiveCfg = Release|Any CPU
		{25D00B23-8856-4767-B6D1-2EA8141FF05E}.Release|Any CPU.Build.0 = Release|Any CPU
		{BBCE0EF4-703A-465E-B80E-6451F077DAFB}.Debug|Any CPU.ActiveCfg = Debug|Any CPU
		{BBCE0EF4-703A-465E-B80E-6451F077DAFB}.Debug|Any CPU.Build.0 = Debug|Any CPU
		{BBCE0EF4-703A-465E-B80E-6451F077DAFB}.Release|Any CPU.ActiveCfg = Release|Any CPU
		{BBCE0EF4-703A-465E-B80E-6451F077DAFB}.Release|Any CPU.Build.0 = Release|Any CPU
		{5F4006EB-142D-4BCE-90D6-15576EEF54CA}.Debug|Any CPU.ActiveCfg = Debug|Any CPU
		{5F4006EB-142D-4BCE-90D6-15576EEF54CA}.Debug|Any CPU.Build.0 = Debug|Any CPU
		{5F4006EB-142D-4BCE-90D6-15576EEF54CA}.Release|Any CPU.ActiveCfg = Release|Any CPU
		{5F4006EB-142D-4BCE-90D6-15576EEF54CA}.Release|Any CPU.Build.0 = Release|Any CPU
		{387DF2DC-B722-4311-AA1B-7047A5A806BD}.Debug|Any CPU.ActiveCfg = Debug|Any CPU
		{387DF2DC-B722-4311-AA1B-7047A5A806BD}.Debug|Any CPU.Build.0 = Debug|Any CPU
		{387DF2DC-B722-4311-AA1B-7047A5A806BD}.Release|Any CPU.ActiveCfg = Release|Any CPU
		{387DF2DC-B722-4311-AA1B-7047A5A806BD}.Release|Any CPU.Build.0 = Release|Any CPU
		{AD91C972-A7E7-44B1-A920-E05CB205B7EF}.Debug|Any CPU.ActiveCfg = Debug|Any CPU
		{AD91C972-A7E7-44B1-A920-E05CB205B7EF}.Debug|Any CPU.Build.0 = Debug|Any CPU
		{AD91C972-A7E7-44B1-A920-E05CB205B7EF}.Release|Any CPU.ActiveCfg = Release|Any CPU
		{AD91C972-A7E7-44B1-A920-E05CB205B7EF}.Release|Any CPU.Build.0 = Release|Any CPU
	EndGlobalSection
	GlobalSection(SolutionProperties) = preSolution
		HideSolutionNode = FALSE
	EndGlobalSection
	GlobalSection(NestedProjects) = preSolution
		{6A037322-1C8E-48A9-9974-AACAE2B6513F} = {F0A29EAC-936F-48AC-930E-4870D90098B3}
		{DAA3EEBA-D4C0-400F-9B47-FC39F8E33A42} = {18AA0786-D806-4D8B-84A4-F712915AC9FB}
		{20AA54C7-BC80-47FD-8005-64912BBFCB56} = {18AA0786-D806-4D8B-84A4-F712915AC9FB}
		{6DECD929-BE96-4E1F-A40F-AAE682349A32} = {18AA0786-D806-4D8B-84A4-F712915AC9FB}
		{6352BEB5-6EF9-4718-BC5E-20CF2F897C55} = {B649309A-150D-4B1E-93EE-A2705439F503}
		{6A8566B1-DFDE-44D5-A55D-CB7B4E28BAD3} = {6DC1B3FA-8946-4734-B63F-F76E575FA73C}
		{25D00B23-8856-4767-B6D1-2EA8141FF05E} = {6DC1B3FA-8946-4734-B63F-F76E575FA73C}
		{BBCE0EF4-703A-465E-B80E-6451F077DAFB} = {6DC1B3FA-8946-4734-B63F-F76E575FA73C}
		{5F4006EB-142D-4BCE-90D6-15576EEF54CA} = {17ED865D-2DCA-4985-9424-598851638595}
		{387DF2DC-B722-4311-AA1B-7047A5A806BD} = {17ED865D-2DCA-4985-9424-598851638595}
		{AD91C972-A7E7-44B1-A920-E05CB205B7EF} = {17ED865D-2DCA-4985-9424-598851638595}
	EndGlobalSection
	GlobalSection(ExtensibilityGlobals) = postSolution
		SolutionGuid = {14985EE8-9E72-488D-8949-53551886514B}
	EndGlobalSection
EndGlobal
